// !$*UTF8*$!
{
	archiveVersion = 1;
	classes = {
	};
	objectVersion = 56;
	objects = {

/* Begin PBXBuildFile section */
		9E5D1C5828F4D9C200937358 /* main.cpp in Sources */ = {isa = PBXBuildFile; fileRef = 9E5D1C5728F4D9C200937358 /* main.cpp */; };
		9E5D1C6028F4E63F00937358 /* Generelly_Roger_lab4_bonus.cpp in Sources */ = {isa = PBXBuildFile; fileRef = 9E5D1C5E28F4E63F00937358 /* Generelly_Roger_lab4_bonus.cpp */; };
		9E5D1C6428F4E7A700937358 /* Roger_Generelly_lab4.cpp in Sources */ = {isa = PBXBuildFile; fileRef = 9E5D1C6328F4E7A700937358 /* Roger_Generelly_lab4.cpp */; };
/* End PBXBuildFile section */

/* Begin PBXCopyFilesBuildPhase section */
		9E5D1C5228F4D9C200937358 /* CopyFiles */ = {
			isa = PBXCopyFilesBuildPhase;
			buildActionMask = 2147483647;
			dstPath = /usr/share/man/man1/;
			dstSubfolderSpec = 0;
			files = (
			);
			runOnlyForDeploymentPostprocessing = 1;
		};
/* End PBXCopyFilesBuildPhase section */

/* Begin PBXFileReference section */
		9E5D1C5428F4D9C200937358 /* Peter_Generelly_lab4_code */ = {isa = PBXFileReference; explicitFileType = "compiled.mach-o.executable"; includeInIndex = 0; path = Peter_Generelly_lab4_code; sourceTree = BUILT_PRODUCTS_DIR; };
		9E5D1C5728F4D9C200937358 /* main.cpp */ = {isa = PBXFileReference; lastKnownFileType = sourcecode.cpp.cpp; path = main.cpp; sourceTree = "<group>"; };
		9E5D1C5E28F4E63F00937358 /* Generelly_Roger_lab4_bonus.cpp */ = {isa = PBXFileReference; lastKnownFileType = sourcecode.cpp.cpp; path = Generelly_Roger_lab4_bonus.cpp; sourceTree = "<group>"; };
		9E5D1C5F28F4E63F00937358 /* Generelly_Roger_lab4_bonus.hpp */ = {isa = PBXFileReference; lastKnownFileType = sourcecode.cpp.h; path = Generelly_Roger_lab4_bonus.hpp; sourceTree = "<group>"; };
		9E5D1C6128F4E67800937358 /* Roger_Generelly_lab4_bonus.cpp */ = {isa = PBXFileReference; lastKnownFileType = sourcecode.cpp.cpp; name = Roger_Generelly_lab4_bonus.cpp; path = ../Roger_Generelly_lab4_bonus.cpp; sourceTree = "<group>"; };
		9E5D1C6228F4E67800937358 /* Roger_Generelly_lab4_bonus.hpp */ = {isa = PBXFileReference; lastKnownFileType = sourcecode.cpp.h; name = Roger_Generelly_lab4_bonus.hpp; path = ../Roger_Generelly_lab4_bonus.hpp; sourceTree = "<group>"; };
		9E5D1C6328F4E7A700937358 /* Roger_Generelly_lab4.cpp */ = {isa = PBXFileReference; fileEncoding = 4; lastKnownFileType = sourcecode.cpp.cpp; name = Roger_Generelly_lab4.cpp; path = ../../Roger_Generelly_lab4.cpp; sourceTree = "<group>"; };
/* End PBXFileReference section */

/* Begin PBXFrameworksBuildPhase section */
		9E5D1C5128F4D9C200937358 /* Frameworks */ = {
			isa = PBXFrameworksBuildPhase;
			buildActionMask = 2147483647;
			files = (
			);
			runOnlyForDeploymentPostprocessing = 0;
		};
/* End PBXFrameworksBuildPhase section */

/* Begin PBXGroup section */
		9E5D1C4B28F4D9C200937358 = {
			isa = PBXGroup;
			children = (
				9E5D1C5E28F4E63F00937358 /* Generelly_Roger_lab4_bonus.cpp */,
				9E5D1C6128F4E67800937358 /* Roger_Generelly_lab4_bonus.cpp */,
				9E5D1C6228F4E67800937358 /* Roger_Generelly_lab4_bonus.hpp */,
				9E5D1C5F28F4E63F00937358 /* Generelly_Roger_lab4_bonus.hpp */,
				9E5D1C5628F4D9C200937358 /* Peter_Generelly_lab4_code */,
				9E5D1C5528F4D9C200937358 /* Products */,
			);
			sourceTree = "<group>";
		};
		9E5D1C5528F4D9C200937358 /* Products */ = {
			isa = PBXGroup;
			children = (
				9E5D1C5428F4D9C200937358 /* Peter_Generelly_lab4_code */,
			);
			name = Products;
			sourceTree = "<group>";
		};
		9E5D1C5628F4D9C200937358 /* Peter_Generelly_lab4_code */ = {
			isa = PBXGroup;
			children = (
				9E5D1C5728F4D9C200937358 /* main.cpp */,
				9E5D1C6328F4E7A700937358 /* Roger_Generelly_lab4.cpp */,
			);
			path = Peter_Generelly_lab4_code;
			sourceTree = "<group>";
		};
/* End PBXGroup section */

/* Begin PBXNativeTarget section */
		9E5D1C5328F4D9C200937358 /* Peter_Generelly_lab4_code */ = {
			isa = PBXNativeTarget;
			buildConfigurationList = 9E5D1C5B28F4D9C200937358 /* Build configuration list for PBXNativeTarget "Peter_Generelly_lab4_code" */;
			buildPhases = (
				9E5D1C5028F4D9C200937358 /* Sources */,
				9E5D1C5128F4D9C200937358 /* Frameworks */,
				9E5D1C5228F4D9C200937358 /* CopyFiles */,
			);
			buildRules = (
			);
			dependencies = (
			);
			name = Peter_Generelly_lab4_code;
			productName = Peter_Generelly_lab4_code;
			productReference = 9E5D1C5428F4D9C200937358 /* Peter_Generelly_lab4_code */;
			productType = "com.apple.product-type.tool";
		};
/* End PBXNativeTarget section */

/* Begin PBXProject section */
		9E5D1C4C28F4D9C200937358 /* Project object */ = {
			isa = PBXProject;
			attributes = {
				BuildIndependentTargetsInParallel = 1;
				LastUpgradeCheck = 1400;
				TargetAttributes = {
					9E5D1C5328F4D9C200937358 = {
						CreatedOnToolsVersion = 14.0.1;
					};
				};
			};
			buildConfigurationList = 9E5D1C4F28F4D9C200937358 /* Build configuration list for PBXProject "Peter_Generelly_lab4_code" */;
			compatibilityVersion = "Xcode 14.0";
			developmentRegion = en;
			hasScannedForEncodings = 0;
			knownRegions = (
				en,
				Base,
			);
			mainGroup = 9E5D1C4B28F4D9C200937358;
			productRefGroup = 9E5D1C5528F4D9C200937358 /* Products */;
			projectDirPath = "";
			projectRoot = "";
			targets = (
				9E5D1C5328F4D9C200937358 /* Peter_Generelly_lab4_code */,
			);
		};
/* End PBXProject section */

/* Begin PBXSourcesBuildPhase section */
		9E5D1C5028F4D9C200937358 /* Sources */ = {
			isa = PBXSourcesBuildPhase;
			buildActionMask = 2147483647;
			files = (
				9E5D1C6028F4E63F00937358 /* Generelly_Roger_lab4_bonus.cpp in Sources */,
				9E5D1C6428F4E7A700937358 /* Roger_Generelly_lab4.cpp in Sources */,
				9E5D1C5828F4D9C200937358 /* main.cpp in Sources */,
			);
			runOnlyForDeploymentPostprocessing = 0;
		};
/* End PBXSourcesBuildPhase section */

/* Begin XCBuildConfiguration section */
		9E5D1C5928F4D9C200937358 /* Debug */ = {
			isa = XCBuildConfiguration;
			buildSettings = {
				ALWAYS_SEARCH_USER_PATHS = NO;
				CLANG_ANALYZER_NONNULL = YES;
				CLANG_ANALYZER_NUMBER_OBJECT_CONVERSION = YES_AGGRESSIVE;
				CLANG_CXX_LANGUAGE_STANDARD = "gnu++20";
				CLANG_ENABLE_MODULES = YES;
				CLANG_ENABLE_OBJC_ARC = YES;
				CLANG_ENABLE_OBJC_WEAK = YES;
				CLANG_WARN_BLOCK_CAPTURE_AUTORELEASING = YES;
				CLANG_WARN_BOOL_CONVERSION = YES;
				CLANG_WARN_COMMA = YES;
				CLANG_WARN_CONSTANT_CONVERSION = YES;
				CLANG_WARN_DEPRECATED_OBJC_IMPLEMENTATIONS = YES;
				CLANG_WARN_DIRECT_OBJC_ISA_USAGE = YES_ERROR;
				CLANG_WARN_DOCUMENTATION_COMMENTS = YES;
				CLANG_WARN_EMPTY_BODY = YES;
				CLANG_WARN_ENUM_CONVERSION = YES;
				CLANG_WARN_INFINITE_RECURSION = YES;
				CLANG_WARN_INT_CONVERSION = YES;
				CLANG_WARN_NON_LITERAL_NULL_CONVERSION = YES;
				CLANG_WARN_OBJC_IMPLICIT_RETAIN_SELF = YES;
				CLANG_WARN_OBJC_LITERAL_CONVERSION = YES;
				CLANG_WARN_OBJC_ROOT_CLASS = YES_ERROR;
				CLANG_WARN_QUOTED_INCLUDE_IN_FRAMEWORK_HEADER = YES;
				CLANG_WARN_RANGE_LOOP_ANALYSIS = YES;
				CLANG_WARN_STRICT_PROTOTYPES = YES;
				CLANG_WARN_SUSPICIOUS_MOVE = YES;
				CLANG_WARN_UNGUARDED_AVAILABILITY = YES_AGGRESSIVE;
				CLANG_WARN_UNREACHABLE_CODE = YES;
				CLANG_WARN__DUPLICATE_METHOD_MATCH = YES;
				COPY_PHASE_STRIP = NO;
				DEBUG_INFORMATION_FORMAT = dwarf;
				ENABLE_STRICT_OBJC_MSGSEND = YES;
				ENABLE_TESTABILITY = YES;
				GCC_C_LANGUAGE_STANDARD = gnu11;
				GCC_DYNAMIC_NO_PIC = NO;
				GCC_NO_COMMON_BLOCKS = YES;
				GCC_OPTIMIZATION_LEVEL = 0;
				GCC_PREPROCESSOR_DEFINITIONS = (
					"DEBUG=1",
					"$(inherited)",
				);
				GCC_WARN_64_TO_32_BIT_CONVERSION = YES;
				GCC_WARN_ABOUT_RETURN_TYPE = YES_ERROR;
				GCC_WARN_UNDECLARED_SELECTOR = YES;
				GCC_WARN_UNINITIALIZED_AUTOS = YES_AGGRESSIVE;
				GCC_WARN_UNUSED_FUNCTION = YES;
				GCC_WARN_UNUSED_VARIABLE = YES;
				MACOSX_DEPLOYMENT_TARGET = 12.3;
				MTL_ENABLE_DEBUG_INFO = INCLUDE_SOURCE;
				MTL_FAST_MATH = YES;
				ONLY_ACTIVE_ARCH = YES;
				SDKROOT = macosx;
			};
			name = Debug;
		};
		9E5D1C5A28F4D9C200937358 /* Release */ = {
			isa = XCBuildConfiguration;
			buildSettings = {
				ALWAYS_SEARCH_USER_PATHS = NO;
				CLANG_ANALYZER_NONNULL = YES;
				CLANG_ANALYZER_NUMBER_OBJECT_CONVERSION = YES_AGGRESSIVE;
				CLANG_CXX_LANGUAGE_STANDARD = "gnu++20";
				CLANG_ENABLE_MODULES = YES;
				CLANG_ENABLE_OBJC_ARC = YES;
				CLANG_ENABLE_OBJC_WEAK = YES;
				CLANG_WARN_BLOCK_CAPTURE_AUTORELEASING = YES;
				CLANG_WARN_BOOL_CONVERSION = YES;
				CLANG_WARN_COMMA = YES;
				CLANG_WARN_CONSTANT_CONVERSION = YES;
				CLANG_WARN_DEPRECATED_OBJC_IMPLEMENTATIONS = YES;
				CLANG_WARN_DIRECT_OBJC_ISA_USAGE = YES_ERROR;
				CLANG_WARN_DOCUMENTATION_COMMENTS = YES;
				CLANG_WARN_EMPTY_BODY = YES;
				CLANG_WARN_ENUM_CONVERSION = YES;
				CLANG_WARN_INFINITE_RECURSION = YES;
				CLANG_WARN_INT_CONVERSION = YES;
				CLANG_WARN_NON_LITERAL_NULL_CONVERSION = YES;
				CLANG_WARN_OBJC_IMPLICIT_RETAIN_SELF = YES;
				CLANG_WARN_OBJC_LITERAL_CONVERSION = YES;
				CLANG_WARN_OBJC_ROOT_CLASS = YES_ERROR;
				CLANG_WARN_QUOTED_INCLUDE_IN_FRAMEWORK_HEADER = YES;
				CLANG_WARN_RANGE_LOOP_ANALYSIS = YES;
				CLANG_WARN_STRICT_PROTOTYPES = YES;
				CLANG_WARN_SUSPICIOUS_MOVE = YES;
				CLANG_WARN_UNGUARDED_AVAILABILITY = YES_AGGRESSIVE;
				CLANG_WARN_UNREACHABLE_CODE = YES;
				CLANG_WARN__DUPLICATE_METHOD_MATCH = YES;
				COPY_PHASE_STRIP = NO;
				DEBUG_INFORMATION_FORMAT = "dwarf-with-dsym";
				ENABLE_NS_ASSERTIONS = NO;
				ENABLE_STRICT_OBJC_MSGSEND = YES;
				GCC_C_LANGUAGE_STANDARD = gnu11;
				GCC_NO_COMMON_BLOCKS = YES;
				GCC_WARN_64_TO_32_BIT_CONVERSION = YES;
				GCC_WARN_ABOUT_RETURN_TYPE = YES_ERROR;
				GCC_WARN_UNDECLARED_SELECTOR = YES;
				GCC_WARN_UNINITIALIZED_AUTOS = YES_AGGRESSIVE;
				GCC_WARN_UNUSED_FUNCTION = YES;
				GCC_WARN_UNUSED_VARIABLE = YES;
				MACOSX_DEPLOYMENT_TARGET = 12.3;
				MTL_ENABLE_DEBUG_INFO = NO;
				MTL_FAST_MATH = YES;
				SDKROOT = macosx;
			};
			name = Release;
		};
		9E5D1C5C28F4D9C200937358 /* Debug */ = {
			isa = XCBuildConfiguration;
			buildSettings = {
				CODE_SIGN_STYLE = Automatic;
				PRODUCT_NAME = "$(TARGET_NAME)";
			};
			name = Debug;
		};
		9E5D1C5D28F4D9C200937358 /* Release */ = {
			isa = XCBuildConfiguration;
			buildSettings = {
				CODE_SIGN_STYLE = Automatic;
				PRODUCT_NAME = "$(TARGET_NAME)";
			};
			name = Release;
		};
/* End XCBuildConfiguration section */

/* Begin XCConfigurationList section */
		9E5D1C4F28F4D9C200937358 /* Build configuration list for PBXProject "Peter_Generelly_lab4_code" */ = {
			isa = XCConfigurationList;
			buildConfigurations = (
				9E5D1C5928F4D9C200937358 /* Debug */,
				9E5D1C5A28F4D9C200937358 /* Release */,
			);
			defaultConfigurationIsVisible = 0;
			defaultConfigurationName = Release;
		};
		9E5D1C5B28F4D9C200937358 /* Build configuration list for PBXNativeTarget "Peter_Generelly_lab4_code" */ = {
			isa = XCConfigurationList;
			buildConfigurations = (
				9E5D1C5C28F4D9C200937358 /* Debug */,
				9E5D1C5D28F4D9C200937358 /* Release */,
			);
			defaultConfigurationIsVisible = 0;
			defaultConfigurationName = Release;
		};
/* End XCConfigurationList section */
	};
	rootObject = 9E5D1C4C28F4D9C200937358 /* Project object */;
}
